
Microsoft Visual Studio Solution File, Format Version 12.00
# Visual Studio Version 17
VisualStudioVersion = 17.5.002.0
MinimumVisualStudioVersion = 10.0.40219.1
Project("{9A19103F-16F7-4668-BE54-9A1E7A4F7556}") = "APIs", "APIs\APIs.csproj", "{6ACE497B-C5A1-403A-A767-BD9F3380419D}"
EndProject
Global
	GlobalSection(SolutionConfigurationPlatforms) = preSolution
		Debug|Any CPU = Debug|Any CPU
		Release|Any CPU = Release|Any CPU
	EndGlobalSection
	GlobalSection(ProjectConfigurationPlatforms) = postSolution
		{6ACE497B-C5A1-403A-A767-BD9F3380419D}.Debug|Any CPU.ActiveCfg = Debug|Any CPU
		{6ACE497B-C5A1-403A-A767-BD9F3380419D}.Debug|Any CPU.Build.0 = Debug|Any CPU
		{6ACE497B-C5A1-403A-A767-BD9F3380419D}.Release|Any CPU.ActiveCfg = Release|Any CPU
		{6ACE497B-C5A1-403A-A767-BD9F3380419D}.Release|Any CPU.Build.0 = Release|Any CPU
	EndGlobalSection
	GlobalSection(SolutionProperties) = preSolution
		HideSolutionNode = FALSE
	EndGlobalSection
	GlobalSection(ExtensibilityGlobals) = postSolution
		SolutionGuid = {7FE9F5B4-73FB-4C3C-B571-DA830FB33FA6}
	EndGlobalSection
EndGlobal
